
Microsoft Visual Studio Solution File, Format Version 12.00
# Visual Studio 15
VisualStudioVersion = 15.0.28307.1259
MinimumVisualStudioVersion = 10.0.40219.1
Project("{FAE04EC0-301F-11D3-BF4B-00C04F79EFBC}") = "ClientRest_20180140121_Muhammad Rifal", "ClientRest_20180140121_Muhammad Rifal\ClientRest_20180140121_Muhammad Rifal.csproj", "{6425EAB6-0882-4A3E-AFB0-E940263FC7F8}"
EndProject
Global
	GlobalSection(SolutionConfigurationPlatforms) = preSolution
		Debug|Any CPU = Debug|Any CPU
		Release|Any CPU = Release|Any CPU
	EndGlobalSection
	GlobalSection(ProjectConfigurationPlatforms) = postSolution
		{6425EAB6-0882-4A3E-AFB0-E940263FC7F8}.Debug|Any CPU.ActiveCfg = Debug|Any CPU
		{6425EAB6-0882-4A3E-AFB0-E940263FC7F8}.Debug|Any CPU.Build.0 = Debug|Any CPU
		{6425EAB6-0882-4A3E-AFB0-E940263FC7F8}.Release|Any CPU.ActiveCfg = Release|Any CPU
		{6425EAB6-0882-4A3E-AFB0-E940263FC7F8}.Release|Any CPU.Build.0 = Release|Any CPU
	EndGlobalSection
	GlobalSection(SolutionProperties) = preSolution
		HideSolutionNode = FALSE
	EndGlobalSection
	GlobalSection(ExtensibilityGlobals) = postSolution
		SolutionGuid = {C43CF41F-75AD-436F-B9B6-BCE16B00CF65}
	EndGlobalSection
EndGlobal
